
Microsoft Visual Studio Solution File, Format Version 12.00
# Visual Studio Version 17
VisualStudioVersion = 17.8.34330.188
MinimumVisualStudioVersion = 10.0.40219.1
Project("{9A19103F-16F7-4668-BE54-9A1E7A4F7556}") = "WeatherForecast.Api", "WeatherForecast.Api\WeatherForecast.Api.csproj", "{09228E89-FAAB-48AE-A234-5B572D34BB07}"
EndProject
Project("{9A19103F-16F7-4668-BE54-9A1E7A4F7556}") = "WeatherForecast.Test", "WeatherForecast.Test\WeatherForecast.Test.csproj", "{018D6F8A-00A1-48E8-8080-2AD509C670A7}"
EndProject
Project("{2150E333-8FDC-42A3-9474-1A3956D46DE8}") = "postman_tests", "postman_tests", "{8B174C9D-9D30-424B-8210-785C5265695F}"
	ProjectSection(SolutionItems) = preProject
		weather-forecast-api.postman_collection.json = weather-forecast-api.postman_collection.json
	EndProjectSection
EndProject
Project("{2150E333-8FDC-42A3-9474-1A3956D46DE8}") = "scripts", "scripts", "{C2CB968C-2BCE-4F90-9D8E-29A396853DCD}"
	ProjectSection(SolutionItems) = preProject
		run-all-api-tests.sh = run-all-api-tests.sh
		wait-for-it.sh = wait-for-it.sh
	EndProjectSection
EndProject
Global
	GlobalSection(SolutionConfigurationPlatforms) = preSolution
		Debug|Any CPU = Debug|Any CPU
		Release|Any CPU = Release|Any CPU
	EndGlobalSection
	GlobalSection(ProjectConfigurationPlatforms) = postSolution
		{09228E89-FAAB-48AE-A234-5B572D34BB07}.Debug|Any CPU.ActiveCfg = Debug|Any CPU
		{09228E89-FAAB-48AE-A234-5B572D34BB07}.Debug|Any CPU.Build.0 = Debug|Any CPU
		{09228E89-FAAB-48AE-A234-5B572D34BB07}.Release|Any CPU.ActiveCfg = Release|Any CPU
		{09228E89-FAAB-48AE-A234-5B572D34BB07}.Release|Any CPU.Build.0 = Release|Any CPU
		{018D6F8A-00A1-48E8-8080-2AD509C670A7}.Debug|Any CPU.ActiveCfg = Debug|Any CPU
		{018D6F8A-00A1-48E8-8080-2AD509C670A7}.Debug|Any CPU.Build.0 = Debug|Any CPU
		{018D6F8A-00A1-48E8-8080-2AD509C670A7}.Release|Any CPU.ActiveCfg = Release|Any CPU
		{018D6F8A-00A1-48E8-8080-2AD509C670A7}.Release|Any CPU.Build.0 = Release|Any CPU
	EndGlobalSection
	GlobalSection(SolutionProperties) = preSolution
		HideSolutionNode = FALSE
	EndGlobalSection
	GlobalSection(NestedProjects) = preSolution
		{C2CB968C-2BCE-4F90-9D8E-29A396853DCD} = {8B174C9D-9D30-424B-8210-785C5265695F}
	EndGlobalSection
	GlobalSection(ExtensibilityGlobals) = postSolution
		SolutionGuid = {52ED64AF-F140-4E0C-8314-F711D1A52948}
	EndGlobalSection
EndGlobal
